# THIS IS AN AUTOGENERATED FILE. DO NOT EDIT THIS FILE DIRECTLY.
# yarn lockfile v1


"@civ-clone/core-city@^0.1.0":
  "integrity" "sha512-ZiRhHqVWKd96PtwgMzxJOQ47kAvsC1n7ALE3zBI1x4z6CETiV0hhmSolWrQdfW4Gdl53JxW1XtgZlM26gu2grQ=="
  "resolved" "https://registry.npmjs.org/@civ-clone/core-city/-/core-city-0.1.4.tgz"
  "version" "0.1.4"
  dependencies:
    "@civ-clone/core-data-object" "^0.1.0"
    "@civ-clone/core-player" "^0.1.0"
    "@civ-clone/core-registry" "^0.1.0"
    "@civ-clone/core-rule" "^0.1.0"
    "@civ-clone/core-world" "^0.1.0"
    "@civ-clone/core-yield" "^0.1.0"

"@civ-clone/core-civilization@^0.1.0":
  "integrity" "sha512-+Wvy+RliVtHPLaE9mBjWJFXbJoMDvkDx0Xvvzm8s1LBn2DTE0px6P2zLUKpWhYMM++ujRzzRjXNI5qf40oIXfw=="
  "resolved" "https://registry.npmjs.org/@civ-clone/core-civilization/-/core-civilization-0.1.1.tgz"
  "version" "0.1.1"
  dependencies:
    "@civ-clone/core-data-object" "^0.1.0"
    "@civ-clone/core-registry" "^0.1.0"
    "@civ-clone/core-yield" "^0.1.0"

"@civ-clone/core-data-object@^0.1.0":
  "integrity" "sha512-CqDYx3KncNA3N9gMKFyUkI3k2HjCS/hKQulj6bRqwcbnVuXYxkzfjVgaVMGR796Ds2DcbUI8Bum1HpHCOv2wCw=="
  "resolved" "https://registry.npmjs.org/@civ-clone/core-data-object/-/core-data-object-0.1.6.tgz"
  "version" "0.1.6"
  dependencies:
    "@civ-clone/core-registry" "^0.1.0"

"@civ-clone/core-player@^0.1.0":
  "integrity" "sha512-ekxKuNn7jSnImbtP33TCMkV68uKC9e8Uaw0FPLlA5AkKLj1sD5Fg5FtGdMS9jXUyo0BKEVUMrXlehkIToQ+Ifw=="
  "resolved" "https://registry.npmjs.org/@civ-clone/core-player/-/core-player-0.1.2.tgz"
  "version" "0.1.2"
  dependencies:
    "@civ-clone/core-civilization" "^0.1.0"
    "@civ-clone/core-data-object" "^0.1.0"
    "@civ-clone/core-registry" "^0.1.0"
    "@civ-clone/core-rule" "^0.1.0"

"@civ-clone/core-registry@^0.1.0":
  "integrity" "sha512-g8TqSC+kwDTgpgGBaQd/d4G5Mw75qb4C1nDu3qeVf3bEmggoM5IpyJbSrrn5+uISPJdF9OIQuZWmugLQSmk0tQ=="
  "resolved" "https://registry.npmjs.org/@civ-clone/core-registry/-/core-registry-0.1.0.tgz"
  "version" "0.1.0"

"@civ-clone/core-rule@^0.1.0":
  "integrity" "sha512-YKK0Z6uYnw3EASzH+KqkFCQ9VTGLnsLFT4K5kR2Zr/RLo+qkyBMOs0l3DgpbhddfsHqzRY+yscrGjnF4L63rog=="
  "resolved" "https://registry.npmjs.org/@civ-clone/core-rule/-/core-rule-0.1.1.tgz"
  "version" "0.1.1"
  dependencies:
    "@civ-clone/core-registry" "^0.1.0"

"@civ-clone/core-terrain@^0.1.0":
  "integrity" "sha512-LahiuoOvJPafI2+l4r7iTxGtOuoj7zTumBPOAhqjnDYDIB2wrWSgXoT64ownJYL1NoXqjYTL6fMINur1ueyiLw=="
  "resolved" "https://registry.npmjs.org/@civ-clone/core-terrain/-/core-terrain-0.1.1.tgz"
  "version" "0.1.1"
  dependencies:
    "@civ-clone/core-data-object" "^0.1.0"
    "@civ-clone/core-registry" "^0.1.0"
    "@civ-clone/core-rule" "^0.1.0"

"@civ-clone/core-tile-improvement@^0.1.0":
  "integrity" "sha512-HF23NsY+MB7yKq9h/6sOr/vUCuTbIwFtYCS6HWN/s61U7/Oc9DykjFHgJIHsFSwFtnzTSfN4nz/wGH00VhUsxw=="
  "resolved" "https://registry.npmjs.org/@civ-clone/core-tile-improvement/-/core-tile-improvement-0.1.1.tgz"
  "version" "0.1.1"
  dependencies:
    "@civ-clone/core-data-object" "^0.1.0"
    "@civ-clone/core-player" "^0.1.0"
    "@civ-clone/core-registry" "^0.1.0"
    "@civ-clone/core-rule" "^0.1.0"
    "@civ-clone/core-terrain" "^0.1.0"
    "@civ-clone/core-world" "^0.1.0"

"@civ-clone/core-world-generator@^0.1.0":
  "integrity" "sha512-BINMMUpuJZNogwHFcJ6osMe+azJ6uFiGmcTK3ZdfB1QVz95fkSDl6Bf3/PiGpbRxB+MuIbE+l4WytTtrdC+enA=="
  "resolved" "https://registry.npmjs.org/@civ-clone/core-world-generator/-/core-world-generator-0.1.2.tgz"
  "version" "0.1.2"
  dependencies:
    "@civ-clone/core-registry" "^0.1.0"
    "@civ-clone/core-rule" "^0.1.0"
    "@civ-clone/core-terrain" "^0.1.0"

"@civ-clone/core-world@^0.1.0":
  "integrity" "sha512-YuMI6kycYWyzKypGrCFI9sF/vMuX50Mzw76epK0SL3IRep6eonKRxQstGOand66HcnB2GlgvKaRUGoPVnWEYjg=="
  "resolved" "https://registry.npmjs.org/@civ-clone/core-world/-/core-world-0.1.6.tgz"
  "version" "0.1.6"
  dependencies:
    "@civ-clone/core-data-object" "^0.1.0"
    "@civ-clone/core-player" "^0.1.0"
    "@civ-clone/core-registry" "^0.1.0"
    "@civ-clone/core-rule" "^0.1.0"
    "@civ-clone/core-terrain" "^0.1.0"
    "@civ-clone/core-world-generator" "^0.1.0"
    "@civ-clone/core-yield" "^0.1.0"

"@civ-clone/core-yield@^0.1.0":
  "integrity" "sha512-+UY0gXsdqs6+s9ipeLdkSn3OqTXHJBCtH/VILI+sAp8Wx4ObnCreiydwBK6LG0YFVhLXPdXtBzEU+FxEWV18xA=="
  "resolved" "https://registry.npmjs.org/@civ-clone/core-yield/-/core-yield-0.1.1.tgz"
  "version" "0.1.1"
  dependencies:
    "@civ-clone/core-data-object" "^0.1.0"
    "@civ-clone/core-registry" "^0.1.0"

"prettier@^2.1.2":
  "integrity" "sha512-m2FgJibYrBGGgQXNzfd0PuDGShJgRavjUoRCw1mZERIWVSXF0iLzLm+aOqTAbLnC3n6JzUhAA8uZnFVghHJ86A=="
  "resolved" "https://registry.npmjs.org/prettier/-/prettier-2.6.0.tgz"
  "version" "2.6.0"

"typescript@^4.0.3":
  "integrity" "sha512-HM/hFigTBHZhLXshn9sN37H085+hQGeJHJ/X7LpBWLID/fbc2acUMfU+lGD98X81sKP+pFa9f0DZmCwB9GnbAg=="
  "resolved" "https://registry.npmjs.org/typescript/-/typescript-4.6.2.tgz"
  "version" "4.6.2"
